
Microsoft Visual Studio Solution File, Format Version 12.00
# Visual Studio Version 17
VisualStudioVersion = 17.7.34024.191
MinimumVisualStudioVersion = 10.0.40219.1
Project("{FAE04EC0-301F-11D3-BF4B-00C04F79EFBC}") = "TaskManagementApp.API", "TaskManagementApp\TaskManagementApp.API.csproj", "{4E15BDFD-D51A-4203-BCC6-14E9FED293F1}"
EndProject
Project("{FAE04EC0-301F-11D3-BF4B-00C04F79EFBC}") = "TaskManagementApp.Domain", "TaskManagementApp.Domain\TaskManagementApp.Domain.csproj", "{8DF6E4C7-251C-4D79-9707-8F42A2F92AA3}"
EndProject
Project("{FAE04EC0-301F-11D3-BF4B-00C04F79EFBC}") = "TaskManagementApp.Application", "TaskManagementApp.Application\TaskManagementApp.Application.csproj", "{AFD8366B-B20D-41DB-A7D8-5CC95531E5B4}"
EndProject
Project("{FAE04EC0-301F-11D3-BF4B-00C04F79EFBC}") = "TaskManagementApp.Infrastructure.Persistence", "TaskManagementApp.Infrastructure\TaskManagementApp.Infrastructure.Persistence.csproj", "{C0D1CEAE-F071-4A7D-AB8E-1125D5AC9BD3}"
EndProject
Global
	GlobalSection(SolutionConfigurationPlatforms) = preSolution
		Debug|Any CPU = Debug|Any CPU
		Release|Any CPU = Release|Any CPU
	EndGlobalSection
	GlobalSection(ProjectConfigurationPlatforms) = postSolution
		{4E15BDFD-D51A-4203-BCC6-14E9FED293F1}.Debug|Any CPU.ActiveCfg = Debug|Any CPU
		{4E15BDFD-D51A-4203-BCC6-14E9FED293F1}.Debug|Any CPU.Build.0 = Debug|Any CPU
		{4E15BDFD-D51A-4203-BCC6-14E9FED293F1}.Release|Any CPU.ActiveCfg = Release|Any CPU
		{4E15BDFD-D51A-4203-BCC6-14E9FED293F1}.Release|Any CPU.Build.0 = Release|Any CPU
		{8DF6E4C7-251C-4D79-9707-8F42A2F92AA3}.Debug|Any CPU.ActiveCfg = Debug|Any CPU
		{8DF6E4C7-251C-4D79-9707-8F42A2F92AA3}.Debug|Any CPU.Build.0 = Debug|Any CPU
		{8DF6E4C7-251C-4D79-9707-8F42A2F92AA3}.Release|Any CPU.ActiveCfg = Release|Any CPU
		{8DF6E4C7-251C-4D79-9707-8F42A2F92AA3}.Release|Any CPU.Build.0 = Release|Any CPU
		{AFD8366B-B20D-41DB-A7D8-5CC95531E5B4}.Debug|Any CPU.ActiveCfg = Debug|Any CPU
		{AFD8366B-B20D-41DB-A7D8-5CC95531E5B4}.Debug|Any CPU.Build.0 = Debug|Any CPU
		{AFD8366B-B20D-41DB-A7D8-5CC95531E5B4}.Release|Any CPU.ActiveCfg = Release|Any CPU
		{AFD8366B-B20D-41DB-A7D8-5CC95531E5B4}.Release|Any CPU.Build.0 = Release|Any CPU
		{C0D1CEAE-F071-4A7D-AB8E-1125D5AC9BD3}.Debug|Any CPU.ActiveCfg = Debug|Any CPU
		{C0D1CEAE-F071-4A7D-AB8E-1125D5AC9BD3}.Debug|Any CPU.Build.0 = Debug|Any CPU
		{C0D1CEAE-F071-4A7D-AB8E-1125D5AC9BD3}.Release|Any CPU.ActiveCfg = Release|Any CPU
		{C0D1CEAE-F071-4A7D-AB8E-1125D5AC9BD3}.Release|Any CPU.Build.0 = Release|Any CPU
	EndGlobalSection
	GlobalSection(SolutionProperties) = preSolution
		HideSolutionNode = FALSE
	EndGlobalSection
	GlobalSection(ExtensibilityGlobals) = postSolution
		SolutionGuid = {94F38B76-4F8E-4D9D-808F-CA20DDD1C5BB}
	EndGlobalSection
EndGlobal
